{
    "_readme": [
        "This file locks the dependencies of your project to a known state",
        "Read more about it at https://getcomposer.org/doc/01-basic-usage.md#composer-lock-the-lock-file",
        "This file is @generated automatically"
    ],
    "content-hash": "c1d6a28d073d85c19909c2665085fd03",
    "packages": [
        {
            "name": "dautkom/php.ipv4",
            "version": "dev-master",
            "source": {
                "type": "git",
                "url": "https://bitbucket.org/dautkom/php.ipv4.git",
                "reference": "3b5a055720959cc20aa2be7c507697aaa3e7d403"
            },
            "dist": {
                "type": "zip",
                "url": "https://bitbucket.org/dautkom/php.ipv4/get/3b5a055720959cc20aa2be7c507697aaa3e7d403.zip",
                "reference": "3b5a055720959cc20aa2be7c507697aaa3e7d403",
                "shasum": ""
            },
            "require": {
                "ext-gmp": "*",
                "php": ">=7.0.0"
            },
            "require-dev": {
                "phpunit/phpunit": "5.4.*"
            },
            "type": "library",
            "autoload": {
                "psr-4": {
                    "dautkom\\ipv4\\": ""
                }
            },
            "notification-url": "https://packagist.org/downloads/",
            "license": [
                "MIT"
            ],
            "authors": [
                {
                    "name": "Oļegs Čapligins",
                    "email": "shader@dautkom.lv"
                }
            ],
            "description": "PHP library for work with IPv4 addresses, subnets and masks",
            "keywords": [
                "IP",
                "ip-address",
                "ipv4",
                "mask",
                "subnet"
            ],
            "time": "2016-08-02 08:20:03"
        }
    ],
    "packages-dev": [],
    "aliases": [],
    "minimum-stability": "stable",
    "stability-flags": {
        "dautkom/php.ipv4": 20
    },
    "prefer-stable": false,
    "prefer-lowest": false,
    "platform": {
        "php": ">=7.0"
    },
    "platform-dev": []
}
